{
  "nodes": {
    "flake-compat": {
      "locked": {
        "lastModified": 1688025799,
        "narHash": "sha256-ktpB4dRtnksm9F5WawoIkEneh1nrEvuxb5lJFt1iOyw=",
        "owner": "nix-community",
        "repo": "flake-compat",
        "rev": "8bf105319d44f6b9f0d764efa4fdef9f1cc9ba1c",
        "type": "github"
      },
      "original": {
        "owner": "nix-community",
        "repo": "flake-compat",
        "type": "github"
      }
    },
    "grc-rs": {
      "inputs": {
        "nixpkgs": [
          "nixpkgs"
        ]
      },
      "locked": {
        "lastModified": 1708537354,
        "narHash": "sha256-T38n1bryzQHCCvhwacMJKZiCuFnQRDZvwYZhVhaGQ9M=",
        "owner": "mariesavch",
        "repo": "grc-rs",
        "rev": "8a6ef0843be6342c1d6bdc620df0d4dff700b4cc",
        "type": "github"
      },
      "original": {
        "owner": "mariesavch",
        "repo": "grc-rs",
        "type": "github"
      }
    },
    "home-manager": {
      "inputs": {
        "nixpkgs": [
          "nixpkgs"
        ]
      },
      "locked": {
        "lastModified": 1731235328,
        "narHash": "sha256-NjavpgE9/bMe/ABvZpyHIUeYF1mqR5lhaep3wB79ucs=",
        "owner": "nix-community",
        "repo": "home-manager",
        "rev": "60bb110917844d354f3c18e05450606a435d2d10",
        "type": "github"
      },
      "original": {
        "owner": "nix-community",
        "repo": "home-manager",
        "type": "github"
      }
    },
    "nixos-apple-silicon": {
      "inputs": {
        "flake-compat": "flake-compat",
        "nixpkgs": [
          "nixpkgs"
        ],
        "rust-overlay": "rust-overlay"
      },
      "locked": {
        "lastModified": 1731427486,
        "narHash": "sha256-92qYbdrrlrOKriO9rMN9poTKsc4d6NqBnoFDQhPPKdg=",
        "owner": "zzywysm",
        "repo": "nixos-asahi",
        "rev": "93a4cc1e9cd4bbf97fe4c2a70cac35dc05d5ae8e",
        "type": "github"
      },
      "original": {
        "owner": "zzywysm",
        "repo": "nixos-asahi",
        "type": "github"
      }
    },
    "nixpkgs": {
      "locked": {
        "lastModified": 1731478202,
        "narHash": "sha256-seHXgvFW7ETVQbNtSm+OnnEG4q+CLCDVmP+I/BeLtRg=",
        "owner": "nixos",
        "repo": "nixpkgs",
        "rev": "081cc2c431912460a96f4b34c3dd9f54eec9597c",
        "type": "github"
      },
      "original": {
        "owner": "nixos",
        "repo": "nixpkgs",
        "type": "github"
      }
    },
    "root": {
      "inputs": {
        "grc-rs": "grc-rs",
        "home-manager": "home-manager",
        "nixos-apple-silicon": "nixos-apple-silicon",
        "nixpkgs": "nixpkgs"
      }
    },
    "rust-overlay": {
      "flake": false,
      "locked": {
        "lastModified": 1686795910,
        "narHash": "sha256-jDa40qRZ0GRQtP9EMZdf+uCbvzuLnJglTUI2JoHfWDc=",
        "owner": "oxalica",
        "repo": "rust-overlay",
        "rev": "5c2b97c0a9bc5217fc3dfb1555aae0fb756d99f9",
        "type": "github"
      },
      "original": {
        "owner": "oxalica",
        "repo": "rust-overlay",
        "type": "github"
      }
    }
  },
  "root": "root",
  "version": 7
}
