{
  "nodes": {
    "flake-compat": {
      "locked": {
        "lastModified": 1688025799,
        "narHash": "sha256-ktpB4dRtnksm9F5WawoIkEneh1nrEvuxb5lJFt1iOyw=",
        "owner": "nix-community",
        "repo": "flake-compat",
        "rev": "8bf105319d44f6b9f0d764efa4fdef9f1cc9ba1c",
        "type": "github"
      },
      "original": {
        "owner": "nix-community",
        "repo": "flake-compat",
        "type": "github"
      }
    },
    "grc-rs": {
      "inputs": {
        "nixpkgs": [
          "nixpkgs"
        ]
      },
      "locked": {
        "lastModified": 1708537354,
        "narHash": "sha256-T38n1bryzQHCCvhwacMJKZiCuFnQRDZvwYZhVhaGQ9M=",
        "owner": "mariesavch",
        "repo": "grc-rs",
        "rev": "8a6ef0843be6342c1d6bdc620df0d4dff700b4cc",
        "type": "github"
      },
      "original": {
        "owner": "mariesavch",
        "repo": "grc-rs",
        "type": "github"
      }
    },
    "home-manager": {
      "inputs": {
        "nixpkgs": [
          "nixpkgs"
        ]
      },
      "locked": {
        "lastModified": 1750798083,
        "narHash": "sha256-DTCCcp6WCFaYXWKFRA6fiI2zlvOLCf5Vwx8+/0R8Wc4=",
        "owner": "nix-community",
        "repo": "home-manager",
        "rev": "ff31a4677c1a8ae506aa7e003a3dba08cb203f82",
        "type": "github"
      },
      "original": {
        "owner": "nix-community",
        "repo": "home-manager",
        "type": "github"
      }
    },
    "nixos-apple-silicon": {
      "inputs": {
        "flake-compat": "flake-compat",
        "nixpkgs": [
          "nixpkgs"
        ]
      },
      "locked": {
        "lastModified": 1748659443,
        "narHash": "sha256-dav2hzyCmXZ3n6lEZrfZBG51+g6PUhkzRl3d6Ypd9x0=",
        "owner": "nix-community",
        "repo": "nixos-apple-silicon",
        "rev": "3ddc251d2acce5019b0fa770e224d068610a34e4",
        "type": "github"
      },
      "original": {
        "owner": "nix-community",
        "repo": "nixos-apple-silicon",
        "type": "github"
      }
    },
    "nixpkgs": {
      "locked": {
        "lastModified": 1750835644,
        "narHash": "sha256-lDVt23TGsxcLPWQcukby58ovnc6GWPjQeHiXo7Lh9L4=",
        "owner": "nixos",
        "repo": "nixpkgs",
        "rev": "eb417a121a761a86c1d9f5a4b4e4861387ebba92",
        "type": "github"
      },
      "original": {
        "owner": "nixos",
        "repo": "nixpkgs",
        "type": "github"
      }
    },
    "root": {
      "inputs": {
        "grc-rs": "grc-rs",
        "home-manager": "home-manager",
        "nixos-apple-silicon": "nixos-apple-silicon",
        "nixpkgs": "nixpkgs"
      }
    }
  },
  "root": "root",
  "version": 7
}
